{
  "name": "mygroceries",
  "version": "1.0.0",
  "lockfileVersion": 1,
  "requires": true,
  "dependencies": {
    "elarian": {
      "version": "0.2.16",
      "resolved": "https://registry.npmjs.org/elarian/-/elarian-0.2.16.tgz",
      "integrity": "sha512-7MndRzbLmSoyhYjbCBpNDpEb+MtQw1gj1GnRawUD+TBkobHloBFbs1ZsrsE7HhlEX/gD5mGRGUpWgr0BfRawNw==",
      "requires": {
        "google-protobuf": "^3.17.3",
        "rsocket-core": "0.0.27",
        "rsocket-flowable": "0.0.27",
        "rsocket-tcp-client": "0.0.27",
        "rsocket-websocket-client": "0.0.27",
        "validate.js": "^0.13.1",
        "ws": "^8.0.0"
      }
    },
    "google-protobuf": {
      "version": "3.19.0",
      "resolved": "https://registry.npmjs.org/google-protobuf/-/google-protobuf-3.19.0.tgz",
      "integrity": "sha512-qXGAiv3OOlaJXJNeKOBKxbBAwjsxzhx+12ZdKOkZTsqsRkyiQRmr/nBkAkqnuQ8cmA9X5NVXvObQTpHVnXE2DQ=="
    },
    "rsocket-core": {
      "version": "0.0.27",
      "resolved": "https://registry.npmjs.org/rsocket-core/-/rsocket-core-0.0.27.tgz",
      "integrity": "sha512-q/+8PY0BIPvwXb6jPsnKCdyUKFusrm4JDzWnxbW1Ywu2sG/suv28/+mHC7kRGtMnRsxsLAWnqsmI6EznTabItA==",
      "requires": {
        "rsocket-flowable": "^0.0.27",
        "rsocket-types": "^0.0.27"
      }
    },
    "rsocket-flowable": {
      "version": "0.0.27",
      "resolved": "https://registry.npmjs.org/rsocket-flowable/-/rsocket-flowable-0.0.27.tgz",
      "integrity": "sha512-I/1vETXP+qCfGFeMY8i+QLhyBpcEj0nDmWnP2vh7lDyOBNT9LjAiY6kigUzEHbfhoNe3vnJWYK6uCzxIsi622Q=="
    },
    "rsocket-tcp-client": {
      "version": "0.0.27",
      "resolved": "https://registry.npmjs.org/rsocket-tcp-client/-/rsocket-tcp-client-0.0.27.tgz",
      "integrity": "sha512-qT3D2npQJf/ZkMZY0qbeJOpYY03J2fNwzNhDFGqmOP9DLGHEhPLUU9X8m8frPxBCIskAfKX0WgNeHZx5VS5GmA==",
      "requires": {
        "rsocket-core": "^0.0.27",
        "rsocket-flowable": "^0.0.27",
        "rsocket-types": "^0.0.27"
      }
    },
    "rsocket-types": {
      "version": "0.0.27",
      "resolved": "https://registry.npmjs.org/rsocket-types/-/rsocket-types-0.0.27.tgz",
      "integrity": "sha512-88vgA+d31a6wW5YP63jQZ0CqZ3DALtH4oCbuMtIcNy28m1kDYGPZunhsnw+YC/XtjOqb5hKhn10ZQm7OK2xc1g==",
      "requires": {
        "rsocket-flowable": "^0.0.27"
      }
    },
    "rsocket-websocket-client": {
      "version": "0.0.27",
      "resolved": "https://registry.npmjs.org/rsocket-websocket-client/-/rsocket-websocket-client-0.0.27.tgz",
      "integrity": "sha512-1BX2O1C1R5W78kI7J5E/nbzxawUOceLggeG1b7rnIGZgCbnftGoIOF5xU/Q268UCE4NNtaDRED4xSHJpdAVFBw==",
      "requires": {
        "rsocket-core": "^0.0.27",
        "rsocket-flowable": "^0.0.27",
        "rsocket-types": "^0.0.27"
      }
    },
    "validate.js": {
      "version": "0.13.1",
      "resolved": "https://registry.npmjs.org/validate.js/-/validate.js-0.13.1.tgz",
      "integrity": "sha512-PnFM3xiZ+kYmLyTiMgTYmU7ZHkjBZz2/+F0DaALc/uUtVzdCt1wAosvYJ5hFQi/hz8O4zb52FQhHZRC+uVkJ+g=="
    },
    "ws": {
      "version": "8.2.3",
      "resolved": "https://registry.npmjs.org/ws/-/ws-8.2.3.tgz",
      "integrity": "sha512-wBuoj1BDpC6ZQ1B7DWQBYVLphPWkm8i9Y0/3YdHjHKHiohOJ1ws+3OccDWtH+PoC9DZD5WOTrJvNbWvjS6JWaA=="
    }
  }
}
